
Microsoft Visual Studio Solution File, Format Version 12.00
# Visual Studio Version 17
VisualStudioVersion = 17.9.34902.65
MinimumVisualStudioVersion = 10.0.40219.1
Project("{FAE04EC0-301F-11D3-BF4B-00C04F79EFBC}") = "moneyCalculator", "moneyCalculator\moneyCalculator.csproj", "{3C89B345-009B-4C5E-8E6E-C72DFD369706}"
EndProject
Global
	GlobalSection(SolutionConfigurationPlatforms) = preSolution
		Debug|Any CPU = Debug|Any CPU
		Release|Any CPU = Release|Any CPU
	EndGlobalSection
	GlobalSection(ProjectConfigurationPlatforms) = postSolution
		{3C89B345-009B-4C5E-8E6E-C72DFD369706}.Debug|Any CPU.ActiveCfg = Debug|Any CPU
		{3C89B345-009B-4C5E-8E6E-C72DFD369706}.Debug|Any CPU.Build.0 = Debug|Any CPU
		{3C89B345-009B-4C5E-8E6E-C72DFD369706}.Release|Any CPU.ActiveCfg = Release|Any CPU
		{3C89B345-009B-4C5E-8E6E-C72DFD369706}.Release|Any CPU.Build.0 = Release|Any CPU
	EndGlobalSection
	GlobalSection(SolutionProperties) = preSolution
		HideSolutionNode = FALSE
	EndGlobalSection
	GlobalSection(ExtensibilityGlobals) = postSolution
		SolutionGuid = {C5F2A545-A36E-4FA1-B70B-E97AF8CCD14F}
	EndGlobalSection
EndGlobal
